
Microsoft Visual Studio Solution File, Format Version 12.00
# Visual Studio Version 17
VisualStudioVersion = 17.6.33513.286
MinimumVisualStudioVersion = 10.0.40219.1
Project("{FAE04EC0-301F-11D3-BF4B-00C04F79EFBC}") = "SmsProviderExample", "SmsProviderExample\SmsProviderExample.csproj", "{B4C8D5A7-C3D4-4F63-B99D-F3D64EA34F9E}"
EndProject
Global
	GlobalSection(SolutionConfigurationPlatforms) = preSolution
		Debug|Any CPU = Debug|Any CPU
		Release|Any CPU = Release|Any CPU
	EndGlobalSection
	GlobalSection(ProjectConfigurationPlatforms) = postSolution
		{B4C8D5A7-C3D4-4F63-B99D-F3D64EA34F9E}.Debug|Any CPU.ActiveCfg = Debug|Any CPU
		{B4C8D5A7-C3D4-4F63-B99D-F3D64EA34F9E}.Debug|Any CPU.Build.0 = Debug|Any CPU
		{B4C8D5A7-C3D4-4F63-B99D-F3D64EA34F9E}.Release|Any CPU.ActiveCfg = Release|Any CPU
		{B4C8D5A7-C3D4-4F63-B99D-F3D64EA34F9E}.Release|Any CPU.Build.0 = Release|Any CPU
	EndGlobalSection
	GlobalSection(SolutionProperties) = preSolution
		HideSolutionNode = FALSE
	EndGlobalSection
	GlobalSection(ExtensibilityGlobals) = postSolution
		SolutionGuid = {33EE8B85-42E5-4B94-A09F-E697751C188C}
	EndGlobalSection
EndGlobal
